
Microsoft Visual Studio Solution File, Format Version 12.00
# Visual Studio Version 16
VisualStudioVersion = 16.0.29613.14
MinimumVisualStudioVersion = 10.0.40219.1
Project("{FAE04EC0-301F-11D3-BF4B-00C04F79EFBC}") = "ZL.DesignPartten.ProtoType.Demo", "ZL.DesignPartten.ProtoType.Demo\ZL.DesignPartten.ProtoType.Demo.csproj", "{05AED26D-0EE1-42AB-AC03-9CF771E4C2DB}"
EndProject
Global
	GlobalSection(SolutionConfigurationPlatforms) = preSolution
		Debug|Any CPU = Debug|Any CPU
		Release|Any CPU = Release|Any CPU
	EndGlobalSection
	GlobalSection(ProjectConfigurationPlatforms) = postSolution
		{05AED26D-0EE1-42AB-AC03-9CF771E4C2DB}.Debug|Any CPU.ActiveCfg = Debug|Any CPU
		{05AED26D-0EE1-42AB-AC03-9CF771E4C2DB}.Debug|Any CPU.Build.0 = Debug|Any CPU
		{05AED26D-0EE1-42AB-AC03-9CF771E4C2DB}.Release|Any CPU.ActiveCfg = Release|Any CPU
		{05AED26D-0EE1-42AB-AC03-9CF771E4C2DB}.Release|Any CPU.Build.0 = Release|Any CPU
	EndGlobalSection
	GlobalSection(SolutionProperties) = preSolution
		HideSolutionNode = FALSE
	EndGlobalSection
	GlobalSection(ExtensibilityGlobals) = postSolution
		SolutionGuid = {25328B8A-6219-4C21-A399-DF18876411A7}
	EndGlobalSection
EndGlobal
